
Microsoft Visual Studio Solution File, Format Version 12.00
# Visual Studio Version 17
VisualStudioVersion = 17.9.34616.47
MinimumVisualStudioVersion = 10.0.40219.1
Project("{FAE04EC0-301F-11D3-BF4B-00C04F79EFBC}") = "MyShowsLibraryProject", "MyShowsLibraryProject\MyShowsLibraryProject.csproj", "{C20B9AA6-3494-482D-B7F7-F40C6448A431}"
EndProject
Global
	GlobalSection(SolutionConfigurationPlatforms) = preSolution
		Debug|Any CPU = Debug|Any CPU
		Release|Any CPU = Release|Any CPU
	EndGlobalSection
	GlobalSection(ProjectConfigurationPlatforms) = postSolution
		{C20B9AA6-3494-482D-B7F7-F40C6448A431}.Debug|Any CPU.ActiveCfg = Debug|Any CPU
		{C20B9AA6-3494-482D-B7F7-F40C6448A431}.Debug|Any CPU.Build.0 = Debug|Any CPU
		{C20B9AA6-3494-482D-B7F7-F40C6448A431}.Release|Any CPU.ActiveCfg = Release|Any CPU
		{C20B9AA6-3494-482D-B7F7-F40C6448A431}.Release|Any CPU.Build.0 = Release|Any CPU
	EndGlobalSection
	GlobalSection(SolutionProperties) = preSolution
		HideSolutionNode = FALSE
	EndGlobalSection
	GlobalSection(ExtensibilityGlobals) = postSolution
		SolutionGuid = {69D057B5-9B00-443C-8553-BCD88276714D}
	EndGlobalSection
EndGlobal
